
Microsoft Visual Studio Solution File, Format Version 12.00
# Visual Studio Version 17
VisualStudioVersion = 17.0.31903.59
MinimumVisualStudioVersion = 10.0.40219.1
Project("{FAE04EC0-301F-11D3-BF4B-00C04F79EFBC}") = "HighScoreAPI.Domain", "HighScoreAPI.Domain\HighScoreAPI.Domain.csproj", "{37D17F1C-C12F-4883-932D-FC88B4F7D3B8}"
EndProject
Project("{FAE04EC0-301F-11D3-BF4B-00C04F79EFBC}") = "HighScoreAPI.Data", "HighScoreAPI.Data\HighScoreAPI.Data.csproj", "{11CA41B4-E717-4BF5-84DD-78C28A0980A0}"
EndProject
Project("{FAE04EC0-301F-11D3-BF4B-00C04F79EFBC}") = "HighScoreAPI.WEBAPI", "HighScoreAPI.WEBAPI\HighScoreAPI.WEBAPI.csproj", "{50673B00-F45C-4847-A494-EAAF42EEC996}"
EndProject
Project("{FAE04EC0-301F-11D3-BF4B-00C04F79EFBC}") = "HighScoreAPI.Application", "HighScoreAPI.Application\HighScoreAPI.Application.csproj", "{C2375125-C446-4674-A870-069627771BB9}"
EndProject
Global
	GlobalSection(SolutionConfigurationPlatforms) = preSolution
		Debug|Any CPU = Debug|Any CPU
		Release|Any CPU = Release|Any CPU
	EndGlobalSection
	GlobalSection(SolutionProperties) = preSolution
		HideSolutionNode = FALSE
	EndGlobalSection
	GlobalSection(ProjectConfigurationPlatforms) = postSolution
		{37D17F1C-C12F-4883-932D-FC88B4F7D3B8}.Debug|Any CPU.ActiveCfg = Debug|Any CPU
		{37D17F1C-C12F-4883-932D-FC88B4F7D3B8}.Debug|Any CPU.Build.0 = Debug|Any CPU
		{37D17F1C-C12F-4883-932D-FC88B4F7D3B8}.Release|Any CPU.ActiveCfg = Release|Any CPU
		{37D17F1C-C12F-4883-932D-FC88B4F7D3B8}.Release|Any CPU.Build.0 = Release|Any CPU
		{11CA41B4-E717-4BF5-84DD-78C28A0980A0}.Debug|Any CPU.ActiveCfg = Debug|Any CPU
		{11CA41B4-E717-4BF5-84DD-78C28A0980A0}.Debug|Any CPU.Build.0 = Debug|Any CPU
		{11CA41B4-E717-4BF5-84DD-78C28A0980A0}.Release|Any CPU.ActiveCfg = Release|Any CPU
		{11CA41B4-E717-4BF5-84DD-78C28A0980A0}.Release|Any CPU.Build.0 = Release|Any CPU
		{50673B00-F45C-4847-A494-EAAF42EEC996}.Debug|Any CPU.ActiveCfg = Debug|Any CPU
		{50673B00-F45C-4847-A494-EAAF42EEC996}.Debug|Any CPU.Build.0 = Debug|Any CPU
		{50673B00-F45C-4847-A494-EAAF42EEC996}.Release|Any CPU.ActiveCfg = Release|Any CPU
		{50673B00-F45C-4847-A494-EAAF42EEC996}.Release|Any CPU.Build.0 = Release|Any CPU
		{C2375125-C446-4674-A870-069627771BB9}.Debug|Any CPU.ActiveCfg = Debug|Any CPU
		{C2375125-C446-4674-A870-069627771BB9}.Debug|Any CPU.Build.0 = Debug|Any CPU
		{C2375125-C446-4674-A870-069627771BB9}.Release|Any CPU.ActiveCfg = Release|Any CPU
		{C2375125-C446-4674-A870-069627771BB9}.Release|Any CPU.Build.0 = Release|Any CPU
	EndGlobalSection
EndGlobal
